{
  "name": "rn-open-especifics-settings",
  "version": "2.3.1",
  "lockfileVersion": 1,
  "requires": true,
  "dependencies": {
    "jetifier": {
      "version": "1.6.8",
      "resolved": "https://registry.npmjs.org/jetifier/-/jetifier-1.6.8.tgz",
      "integrity": "sha512-3Zi16h6L5tXDRQJTb221cnRoVG9/9OvreLdLU2/ZjRv/GILL+2Cemt0IKvkowwkDpvouAU1DQPOJ7qaiHeIdrw==",
      "dev": true
    }
  }
}
